// !$*UTF8*$!
{
	archiveVersion = 1;
	classes = {
	};
	objectVersion = 56;
	objects = {

/* Begin PBXBuildFile section */
		86B72F699583EF62B2CCB6E9 /* Pods_CYCGPUimageView.framework in Frameworks */ = {isa = PBXBuildFile; fileRef = B77D03FF2840EBD1069B5023 /* Pods_CYCGPUimageView.framework */; };
		FAE9EAC22CE7163600C2EFDB /* AppDelegate.m in Sources */ = {isa = PBXBuildFile; fileRef = FAE9EAC12CE7163600C2EFDB /* AppDelegate.m */; };
		FAE9EAC52CE7163600C2EFDB /* SceneDelegate.m in Sources */ = {isa = PBXBuildFile; fileRef = FAE9EAC42CE7163600C2EFDB /* SceneDelegate.m */; };
		FAE9EAC82CE7163600C2EFDB /* ViewController.m in Sources */ = {isa = PBXBuildFile; fileRef = FAE9EAC72CE7163600C2EFDB /* ViewController.m */; };
		FAE9EACB2CE7163600C2EFDB /* Base in Resources */ = {isa = PBXBuildFile; fileRef = FAE9EACA2CE7163600C2EFDB /* Base */; };
		FAE9EACD2CE7163800C2EFDB /* Assets.xcassets in Resources */ = {isa = PBXBuildFile; fileRef = FAE9EACC2CE7163800C2EFDB /* Assets.xcassets */; };
		FAE9EAD02CE7163800C2EFDB /* Base in Resources */ = {isa = PBXBuildFile; fileRef = FAE9EACF2CE7163800C2EFDB /* Base */; };
		FAE9EAD32CE7163800C2EFDB /* main.m in Sources */ = {isa = PBXBuildFile; fileRef = FAE9EAD22CE7163800C2EFDB /* main.m */; };
/* End PBXBuildFile section */

/* Begin PBXFileReference section */
		4924204D5CDB93A86D4537B0 /* Pods-CYCGPUimageView.debug.xcconfig */ = {isa = PBXFileReference; includeInIndex = 1; lastKnownFileType = text.xcconfig; name = "Pods-CYCGPUimageView.debug.xcconfig"; path = "Target Support Files/Pods-CYCGPUimageView/Pods-CYCGPUimageView.debug.xcconfig"; sourceTree = "<group>"; };
		AA990B55EFB78D96693BB321 /* Pods-CYCGPUimageView.release.xcconfig */ = {isa = PBXFileReference; includeInIndex = 1; lastKnownFileType = text.xcconfig; name = "Pods-CYCGPUimageView.release.xcconfig"; path = "Target Support Files/Pods-CYCGPUimageView/Pods-CYCGPUimageView.release.xcconfig"; sourceTree = "<group>"; };
		B77D03FF2840EBD1069B5023 /* Pods_CYCGPUimageView.framework */ = {isa = PBXFileReference; explicitFileType = wrapper.framework; includeInIndex = 0; path = Pods_CYCGPUimageView.framework; sourceTree = BUILT_PRODUCTS_DIR; };
		FAE9EABD2CE7163600C2EFDB /* CYCGPUimageView.app */ = {isa = PBXFileReference; explicitFileType = wrapper.application; includeInIndex = 0; path = CYCGPUimageView.app; sourceTree = BUILT_PRODUCTS_DIR; };
		FAE9EAC02CE7163600C2EFDB /* AppDelegate.h */ = {isa = PBXFileReference; lastKnownFileType = sourcecode.c.h; path = AppDelegate.h; sourceTree = "<group>"; };
		FAE9EAC12CE7163600C2EFDB /* AppDelegate.m */ = {isa = PBXFileReference; lastKnownFileType = sourcecode.c.objc; path = AppDelegate.m; sourceTree = "<group>"; };
		FAE9EAC32CE7163600C2EFDB /* SceneDelegate.h */ = {isa = PBXFileReference; lastKnownFileType = sourcecode.c.h; path = SceneDelegate.h; sourceTree = "<group>"; };
		FAE9EAC42CE7163600C2EFDB /* SceneDelegate.m */ = {isa = PBXFileReference; lastKnownFileType = sourcecode.c.objc; path = SceneDelegate.m; sourceTree = "<group>"; };
		FAE9EAC62CE7163600C2EFDB /* ViewController.h */ = {isa = PBXFileReference; lastKnownFileType = sourcecode.c.h; path = ViewController.h; sourceTree = "<group>"; };
		FAE9EAC72CE7163600C2EFDB /* ViewController.m */ = {isa = PBXFileReference; lastKnownFileType = sourcecode.c.objc; path = ViewController.m; sourceTree = "<group>"; };
		FAE9EACA2CE7163600C2EFDB /* Base */ = {isa = PBXFileReference; lastKnownFileType = file.storyboard; name = Base; path = Base.lproj/Main.storyboard; sourceTree = "<group>"; };
		FAE9EACC2CE7163800C2EFDB /* Assets.xcassets */ = {isa = PBXFileReference; lastKnownFileType = folder.assetcatalog; path = Assets.xcassets; sourceTree = "<group>"; };
		FAE9EACF2CE7163800C2EFDB /* Base */ = {isa = PBXFileReference; lastKnownFileType = file.storyboard; name = Base; path = Base.lproj/LaunchScreen.storyboard; sourceTree = "<group>"; };
		FAE9EAD12CE7163800C2EFDB /* Info.plist */ = {isa = PBXFileReference; lastKnownFileType = text.plist.xml; path = Info.plist; sourceTree = "<group>"; };
		FAE9EAD22CE7163800C2EFDB /* main.m */ = {isa = PBXFileReference; lastKnownFileType = sourcecode.c.objc; path = main.m; sourceTree = "<group>"; };
/* End PBXFileReference section */

/* Begin PBXFrameworksBuildPhase section */
		FAE9EABA2CE7163600C2EFDB /* Frameworks */ = {
			isa = PBXFrameworksBuildPhase;
			buildActionMask = 2147483647;
			files = (
				86B72F699583EF62B2CCB6E9 /* Pods_CYCGPUimageView.framework in Frameworks */,
			);
			runOnlyForDeploymentPostprocessing = 0;
		};
/* End PBXFrameworksBuildPhase section */

/* Begin PBXGroup section */
		21498C0DBA8AD529FA62D6DD /* Pods */ = {
			isa = PBXGroup;
			children = (
				4924204D5CDB93A86D4537B0 /* Pods-CYCGPUimageView.debug.xcconfig */,
				AA990B55EFB78D96693BB321 /* Pods-CYCGPUimageView.release.xcconfig */,
			);
			name = Pods;
			path = Pods;
			sourceTree = "<group>";
		};
		3F643489CC800784DDAAC14B /* Frameworks */ = {
			isa = PBXGroup;
			children = (
				B77D03FF2840EBD1069B5023 /* Pods_CYCGPUimageView.framework */,
			);
			name = Frameworks;
			sourceTree = "<group>";
		};
		FAE9EAB42CE7163600C2EFDB = {
			isa = PBXGroup;
			children = (
				FAE9EABF2CE7163600C2EFDB /* CYCGPUimageView */,
				FAE9EABE2CE7163600C2EFDB /* Products */,
				21498C0DBA8AD529FA62D6DD /* Pods */,
				3F643489CC800784DDAAC14B /* Frameworks */,
			);
			sourceTree = "<group>";
		};
		FAE9EABE2CE7163600C2EFDB /* Products */ = {
			isa = PBXGroup;
			children = (
				FAE9EABD2CE7163600C2EFDB /* CYCGPUimageView.app */,
			);
			name = Products;
			sourceTree = "<group>";
		};
		FAE9EABF2CE7163600C2EFDB /* CYCGPUimageView */ = {
			isa = PBXGroup;
			children = (
				FAE9EAC02CE7163600C2EFDB /* AppDelegate.h */,
				FAE9EAC12CE7163600C2EFDB /* AppDelegate.m */,
				FAE9EAC32CE7163600C2EFDB /* SceneDelegate.h */,
				FAE9EAC42CE7163600C2EFDB /* SceneDelegate.m */,
				FAE9EAC62CE7163600C2EFDB /* ViewController.h */,
				FAE9EAC72CE7163600C2EFDB /* ViewController.m */,
				FAE9EAC92CE7163600C2EFDB /* Main.storyboard */,
				FAE9EACC2CE7163800C2EFDB /* Assets.xcassets */,
				FAE9EACE2CE7163800C2EFDB /* LaunchScreen.storyboard */,
				FAE9EAD12CE7163800C2EFDB /* Info.plist */,
				FAE9EAD22CE7163800C2EFDB /* main.m */,
			);
			path = CYCGPUimageView;
			sourceTree = "<group>";
		};
/* End PBXGroup section */

/* Begin PBXNativeTarget section */
		FAE9EABC2CE7163600C2EFDB /* CYCGPUimageView */ = {
			isa = PBXNativeTarget;
			buildConfigurationList = FAE9EAD62CE7163800C2EFDB /* Build configuration list for PBXNativeTarget "CYCGPUimageView" */;
			buildPhases = (
				7239863F9C6938E935D4CD32 /* [CP] Check Pods Manifest.lock */,
				FAE9EAB92CE7163600C2EFDB /* Sources */,
				FAE9EABA2CE7163600C2EFDB /* Frameworks */,
				FAE9EABB2CE7163600C2EFDB /* Resources */,
			);
			buildRules = (
			);
			dependencies = (
			);
			name = CYCGPUimageView;
			productName = CYCGPUimageView;
			productReference = FAE9EABD2CE7163600C2EFDB /* CYCGPUimageView.app */;
			productType = "com.apple.product-type.application";
		};
/* End PBXNativeTarget section */

/* Begin PBXProject section */
		FAE9EAB52CE7163600C2EFDB /* Project object */ = {
			isa = PBXProject;
			attributes = {
				BuildIndependentTargetsInParallel = 1;
				LastUpgradeCheck = 1540;
				TargetAttributes = {
					FAE9EABC2CE7163600C2EFDB = {
						CreatedOnToolsVersion = 15.4;
					};
				};
			};
			buildConfigurationList = FAE9EAB82CE7163600C2EFDB /* Build configuration list for PBXProject "CYCGPUimageView" */;
			compatibilityVersion = "Xcode 14.0";
			developmentRegion = en;
			hasScannedForEncodings = 0;
			knownRegions = (
				en,
				Base,
			);
			mainGroup = FAE9EAB42CE7163600C2EFDB;
			productRefGroup = FAE9EABE2CE7163600C2EFDB /* Products */;
			projectDirPath = "";
			projectRoot = "";
			targets = (
				FAE9EABC2CE7163600C2EFDB /* CYCGPUimageView */,
			);
		};
/* End PBXProject section */

/* Begin PBXResourcesBuildPhase section */
		FAE9EABB2CE7163600C2EFDB /* Resources */ = {
			isa = PBXResourcesBuildPhase;
			buildActionMask = 2147483647;
			files = (
				FAE9EACD2CE7163800C2EFDB /* Assets.xcassets in Resources */,
				FAE9EAD02CE7163800C2EFDB /* Base in Resources */,
				FAE9EACB2CE7163600C2EFDB /* Base in Resources */,
			);
			runOnlyForDeploymentPostprocessing = 0;
		};
/* End PBXResourcesBuildPhase section */

/* Begin PBXShellScriptBuildPhase section */
		7239863F9C6938E935D4CD32 /* [CP] Check Pods Manifest.lock */ = {
			isa = PBXShellScriptBuildPhase;
			buildActionMask = 2147483647;
			files = (
			);
			inputFileListPaths = (
			);
			inputPaths = (
				"${PODS_PODFILE_DIR_PATH}/Podfile.lock",
				"${PODS_ROOT}/Manifest.lock",
			);
			name = "[CP] Check Pods Manifest.lock";
			outputFileListPaths = (
			);
			outputPaths = (
				"$(DERIVED_FILE_DIR)/Pods-CYCGPUimageView-checkManifestLockResult.txt",
			);
			runOnlyForDeploymentPostprocessing = 0;
			shellPath = /bin/sh;
			shellScript = "diff \"${PODS_PODFILE_DIR_PATH}/Podfile.lock\" \"${PODS_ROOT}/Manifest.lock\" > /dev/null\nif [ $? != 0 ] ; then\n    # print error to STDERR\n    echo \"error: The sandbox is not in sync with the Podfile.lock. Run 'pod install' or update your CocoaPods installation.\" >&2\n    exit 1\nfi\n# This output is used by Xcode 'outputs' to avoid re-running this script phase.\necho \"SUCCESS\" > \"${SCRIPT_OUTPUT_FILE_0}\"\n";
			showEnvVarsInLog = 0;
		};
/* End PBXShellScriptBuildPhase section */

/* Begin PBXSourcesBuildPhase section */
		FAE9EAB92CE7163600C2EFDB /* Sources */ = {
			isa = PBXSourcesBuildPhase;
			buildActionMask = 2147483647;
			files = (
				FAE9EAC82CE7163600C2EFDB /* ViewController.m in Sources */,
				FAE9EAC22CE7163600C2EFDB /* AppDelegate.m in Sources */,
				FAE9EAD32CE7163800C2EFDB /* main.m in Sources */,
				FAE9EAC52CE7163600C2EFDB /* SceneDelegate.m in Sources */,
			);
			runOnlyForDeploymentPostprocessing = 0;
		};
/* End PBXSourcesBuildPhase section */

/* Begin PBXVariantGroup section */
		FAE9EAC92CE7163600C2EFDB /* Main.storyboard */ = {
			isa = PBXVariantGroup;
			children = (
				FAE9EACA2CE7163600C2EFDB /* Base */,
			);
			name = Main.storyboard;
			sourceTree = "<group>";
		};
		FAE9EACE2CE7163800C2EFDB /* LaunchScreen.storyboard */ = {
			isa = PBXVariantGroup;
			children = (
				FAE9EACF2CE7163800C2EFDB /* Base */,
			);
			name = LaunchScreen.storyboard;
			sourceTree = "<group>";
		};
/* End PBXVariantGroup section */

/* Begin XCBuildConfiguration section */
		FAE9EAD42CE7163800C2EFDB /* Debug */ = {
			isa = XCBuildConfiguration;
			buildSettings = {
				ALWAYS_SEARCH_USER_PATHS = NO;
				ASSETCATALOG_COMPILER_GENERATE_SWIFT_ASSET_SYMBOL_EXTENSIONS = YES;
				CLANG_ANALYZER_NONNULL = YES;
				CLANG_ANALYZER_NUMBER_OBJECT_CONVERSION = YES_AGGRESSIVE;
				CLANG_CXX_LANGUAGE_STANDARD = "gnu++20";
				CLANG_ENABLE_MODULES = YES;
				CLANG_ENABLE_OBJC_ARC = YES;
				CLANG_ENABLE_OBJC_WEAK = YES;
				CLANG_WARN_BLOCK_CAPTURE_AUTORELEASING = YES;
				CLANG_WARN_BOOL_CONVERSION = YES;
				CLANG_WARN_COMMA = YES;
				CLANG_WARN_CONSTANT_CONVERSION = YES;
				CLANG_WARN_DEPRECATED_OBJC_IMPLEMENTATIONS = YES;
				CLANG_WARN_DIRECT_OBJC_ISA_USAGE = YES_ERROR;
				CLANG_WARN_DOCUMENTATION_COMMENTS = YES;
				CLANG_WARN_EMPTY_BODY = YES;
				CLANG_WARN_ENUM_CONVERSION = YES;
				CLANG_WARN_INFINITE_RECURSION = YES;
				CLANG_WARN_INT_CONVERSION = YES;
				CLANG_WARN_NON_LITERAL_NULL_CONVERSION = YES;
				CLANG_WARN_OBJC_IMPLICIT_RETAIN_SELF = YES;
				CLANG_WARN_OBJC_LITERAL_CONVERSION = YES;
				CLANG_WARN_OBJC_ROOT_CLASS = YES_ERROR;
				CLANG_WARN_QUOTED_INCLUDE_IN_FRAMEWORK_HEADER = YES;
				CLANG_WARN_RANGE_LOOP_ANALYSIS = YES;
				CLANG_WARN_STRICT_PROTOTYPES = YES;
				CLANG_WARN_SUSPICIOUS_MOVE = YES;
				CLANG_WARN_UNGUARDED_AVAILABILITY = YES_AGGRESSIVE;
				CLANG_WARN_UNREACHABLE_CODE = YES;
				CLANG_WARN__DUPLICATE_METHOD_MATCH = YES;
				COPY_PHASE_STRIP = NO;
				DEBUG_INFORMATION_FORMAT = dwarf;
				ENABLE_STRICT_OBJC_MSGSEND = YES;
				ENABLE_TESTABILITY = YES;
				ENABLE_USER_SCRIPT_SANDBOXING = YES;
				GCC_C_LANGUAGE_STANDARD = gnu17;
				GCC_DYNAMIC_NO_PIC = NO;
				GCC_NO_COMMON_BLOCKS = YES;
				GCC_OPTIMIZATION_LEVEL = 0;
				GCC_PREPROCESSOR_DEFINITIONS = (
					"DEBUG=1",
					"$(inherited)",
				);
				GCC_WARN_64_TO_32_BIT_CONVERSION = YES;
				GCC_WARN_ABOUT_RETURN_TYPE = YES_ERROR;
				GCC_WARN_UNDECLARED_SELECTOR = YES;
				GCC_WARN_UNINITIALIZED_AUTOS = YES_AGGRESSIVE;
				GCC_WARN_UNUSED_FUNCTION = YES;
				GCC_WARN_UNUSED_VARIABLE = YES;
				IPHONEOS_DEPLOYMENT_TARGET = 17.5;
				LOCALIZATION_PREFERS_STRING_CATALOGS = YES;
				MTL_ENABLE_DEBUG_INFO = INCLUDE_SOURCE;
				MTL_FAST_MATH = YES;
				ONLY_ACTIVE_ARCH = YES;
				SDKROOT = iphoneos;
			};
			name = Debug;
		};
		FAE9EAD52CE7163800C2EFDB /* Release */ = {
			isa = XCBuildConfiguration;
			buildSettings = {
				ALWAYS_SEARCH_USER_PATHS = NO;
				ASSETCATALOG_COMPILER_GENERATE_SWIFT_ASSET_SYMBOL_EXTENSIONS = YES;
				CLANG_ANALYZER_NONNULL = YES;
				CLANG_ANALYZER_NUMBER_OBJECT_CONVERSION = YES_AGGRESSIVE;
				CLANG_CXX_LANGUAGE_STANDARD = "gnu++20";
				CLANG_ENABLE_MODULES = YES;
				CLANG_ENABLE_OBJC_ARC = YES;
				CLANG_ENABLE_OBJC_WEAK = YES;
				CLANG_WARN_BLOCK_CAPTURE_AUTORELEASING = YES;
				CLANG_WARN_BOOL_CONVERSION = YES;
				CLANG_WARN_COMMA = YES;
				CLANG_WARN_CONSTANT_CONVERSION = YES;
				CLANG_WARN_DEPRECATED_OBJC_IMPLEMENTATIONS = YES;
				CLANG_WARN_DIRECT_OBJC_ISA_USAGE = YES_ERROR;
				CLANG_WARN_DOCUMENTATION_COMMENTS = YES;
				CLANG_WARN_EMPTY_BODY = YES;
				CLANG_WARN_ENUM_CONVERSION = YES;
				CLANG_WARN_INFINITE_RECURSION = YES;
				CLANG_WARN_INT_CONVERSION = YES;
				CLANG_WARN_NON_LITERAL_NULL_CONVERSION = YES;
				CLANG_WARN_OBJC_IMPLICIT_RETAIN_SELF = YES;
				CLANG_WARN_OBJC_LITERAL_CONVERSION = YES;
				CLANG_WARN_OBJC_ROOT_CLASS = YES_ERROR;
				CLANG_WARN_QUOTED_INCLUDE_IN_FRAMEWORK_HEADER = YES;
				CLANG_WARN_RANGE_LOOP_ANALYSIS = YES;
				CLANG_WARN_STRICT_PROTOTYPES = YES;
				CLANG_WARN_SUSPICIOUS_MOVE = YES;
				CLANG_WARN_UNGUARDED_AVAILABILITY = YES_AGGRESSIVE;
				CLANG_WARN_UNREACHABLE_CODE = YES;
				CLANG_WARN__DUPLICATE_METHOD_MATCH = YES;
				COPY_PHASE_STRIP = NO;
				DEBUG_INFORMATION_FORMAT = "dwarf-with-dsym";
				ENABLE_NS_ASSERTIONS = NO;
				ENABLE_STRICT_OBJC_MSGSEND = YES;
				ENABLE_USER_SCRIPT_SANDBOXING = YES;
				GCC_C_LANGUAGE_STANDARD = gnu17;
				GCC_NO_COMMON_BLOCKS = YES;
				GCC_WARN_64_TO_32_BIT_CONVERSION = YES;
				GCC_WARN_ABOUT_RETURN_TYPE = YES_ERROR;
				GCC_WARN_UNDECLARED_SELECTOR = YES;
				GCC_WARN_UNINITIALIZED_AUTOS = YES_AGGRESSIVE;
				GCC_WARN_UNUSED_FUNCTION = YES;
				GCC_WARN_UNUSED_VARIABLE = YES;
				IPHONEOS_DEPLOYMENT_TARGET = 17.5;
				LOCALIZATION_PREFERS_STRING_CATALOGS = YES;
				MTL_ENABLE_DEBUG_INFO = NO;
				MTL_FAST_MATH = YES;
				SDKROOT = iphoneos;
				VALIDATE_PRODUCT = YES;
			};
			name = Release;
		};
		FAE9EAD72CE7163800C2EFDB /* Debug */ = {
			isa = XCBuildConfiguration;
			baseConfigurationReference = 4924204D5CDB93A86D4537B0 /* Pods-CYCGPUimageView.debug.xcconfig */;
			buildSettings = {
				ASSETCATALOG_COMPILER_APPICON_NAME = AppIcon;
				ASSETCATALOG_COMPILER_GLOBAL_ACCENT_COLOR_NAME = AccentColor;
				CODE_SIGN_STYLE = Automatic;
				CURRENT_PROJECT_VERSION = 1;
				GENERATE_INFOPLIST_FILE = YES;
				INFOPLIST_FILE = CYCGPUimageView/Info.plist;
				INFOPLIST_KEY_UIApplicationSupportsIndirectInputEvents = YES;
				INFOPLIST_KEY_UILaunchStoryboardName = LaunchScreen;
				INFOPLIST_KEY_UIMainStoryboardFile = Main;
				INFOPLIST_KEY_UISupportedInterfaceOrientations_iPad = "UIInterfaceOrientationPortrait UIInterfaceOrientationPortraitUpsideDown UIInterfaceOrientationLandscapeLeft UIInterfaceOrientationLandscapeRight";
				INFOPLIST_KEY_UISupportedInterfaceOrientations_iPhone = "UIInterfaceOrientationPortrait UIInterfaceOrientationLandscapeLeft UIInterfaceOrientationLandscapeRight";
				LD_RUNPATH_SEARCH_PATHS = (
					"$(inherited)",
					"@executable_path/Frameworks",
				);
				MARKETING_VERSION = 1.0;
				PRODUCT_BUNDLE_IDENTIFIER = chenyingchao.CYCGPUimageView;
				PRODUCT_NAME = "$(TARGET_NAME)";
				SWIFT_EMIT_LOC_STRINGS = YES;
				TARGETED_DEVICE_FAMILY = "1,2";
			};
			name = Debug;
		};
		FAE9EAD82CE7163800C2EFDB /* Release */ = {
			isa = XCBuildConfiguration;
			baseConfigurationReference = AA990B55EFB78D96693BB321 /* Pods-CYCGPUimageView.release.xcconfig */;
			buildSettings = {
				ASSETCATALOG_COMPILER_APPICON_NAME = AppIcon;
				ASSETCATALOG_COMPILER_GLOBAL_ACCENT_COLOR_NAME = AccentColor;
				CODE_SIGN_STYLE = Automatic;
				CURRENT_PROJECT_VERSION = 1;
				GENERATE_INFOPLIST_FILE = YES;
				INFOPLIST_FILE = CYCGPUimageView/Info.plist;
				INFOPLIST_KEY_UIApplicationSupportsIndirectInputEvents = YES;
				INFOPLIST_KEY_UILaunchStoryboardName = LaunchScreen;
				INFOPLIST_KEY_UIMainStoryboardFile = Main;
				INFOPLIST_KEY_UISupportedInterfaceOrientations_iPad = "UIInterfaceOrientationPortrait UIInterfaceOrientationPortraitUpsideDown UIInterfaceOrientationLandscapeLeft UIInterfaceOrientationLandscapeRight";
				INFOPLIST_KEY_UISupportedInterfaceOrientations_iPhone = "UIInterfaceOrientationPortrait UIInterfaceOrientationLandscapeLeft UIInterfaceOrientationLandscapeRight";
				LD_RUNPATH_SEARCH_PATHS = (
					"$(inherited)",
					"@executable_path/Frameworks",
				);
				MARKETING_VERSION = 1.0;
				PRODUCT_BUNDLE_IDENTIFIER = chenyingchao.CYCGPUimageView;
				PRODUCT_NAME = "$(TARGET_NAME)";
				SWIFT_EMIT_LOC_STRINGS = YES;
				TARGETED_DEVICE_FAMILY = "1,2";
			};
			name = Release;
		};
/* End XCBuildConfiguration section */

/* Begin XCConfigurationList section */
		FAE9EAB82CE7163600C2EFDB /* Build configuration list for PBXProject "CYCGPUimageView" */ = {
			isa = XCConfigurationList;
			buildConfigurations = (
				FAE9EAD42CE7163800C2EFDB /* Debug */,
				FAE9EAD52CE7163800C2EFDB /* Release */,
			);
			defaultConfigurationIsVisible = 0;
			defaultConfigurationName = Release;
		};
		FAE9EAD62CE7163800C2EFDB /* Build configuration list for PBXNativeTarget "CYCGPUimageView" */ = {
			isa = XCConfigurationList;
			buildConfigurations = (
				FAE9EAD72CE7163800C2EFDB /* Debug */,
				FAE9EAD82CE7163800C2EFDB /* Release */,
			);
			defaultConfigurationIsVisible = 0;
			defaultConfigurationName = Release;
		};
/* End XCConfigurationList section */
	};
	rootObject = FAE9EAB52CE7163600C2EFDB /* Project object */;
}
